
Microsoft Visual Studio Solution File, Format Version 12.00
# Visual Studio Version 16
VisualStudioVersion = 16.0.32228.343
MinimumVisualStudioVersion = 10.0.40219.1
Project("{8BC9CEB8-8B4A-11D0-8D11-00A0C91BC942}") = "22_06_07_zap483_Proyecto1_Historia", "22_06_07_zap483_Proyecto1_Historia.vcxproj", "{600A94CC-A7A9-4FC9-A75B-24BD61A3F403}"
EndProject
Global
	GlobalSection(SolutionConfigurationPlatforms) = preSolution
		Debug|x64 = Debug|x64
		Debug|x86 = Debug|x86
		Release|x64 = Release|x64
		Release|x86 = Release|x86
	EndGlobalSection
	GlobalSection(ProjectConfigurationPlatforms) = postSolution
		{600A94CC-A7A9-4FC9-A75B-24BD61A3F403}.Debug|x64.ActiveCfg = Debug|x64
		{600A94CC-A7A9-4FC9-A75B-24BD61A3F403}.Debug|x64.Build.0 = Debug|x64
		{600A94CC-A7A9-4FC9-A75B-24BD61A3F403}.Debug|x86.ActiveCfg = Debug|Win32
		{600A94CC-A7A9-4FC9-A75B-24BD61A3F403}.Debug|x86.Build.0 = Debug|Win32
		{600A94CC-A7A9-4FC9-A75B-24BD61A3F403}.Release|x64.ActiveCfg = Release|x64
		{600A94CC-A7A9-4FC9-A75B-24BD61A3F403}.Release|x64.Build.0 = Release|x64
		{600A94CC-A7A9-4FC9-A75B-24BD61A3F403}.Release|x86.ActiveCfg = Release|Win32
		{600A94CC-A7A9-4FC9-A75B-24BD61A3F403}.Release|x86.Build.0 = Release|Win32
	EndGlobalSection
	GlobalSection(SolutionProperties) = preSolution
		HideSolutionNode = FALSE
	EndGlobalSection
	GlobalSection(ExtensibilityGlobals) = postSolution
		SolutionGuid = {8C0923CF-BB72-4D44-9A3F-10BD82B05B87}
	EndGlobalSection
EndGlobal
